// !$*UTF8*$!
{
	archiveVersion = 1;
	classes = {
	};
	objectVersion = 50;
	objects = {

/* Begin PBXBuildFile section */
		CA4BAB8622D6BE69003347AF /* CreateGameBuilder.swift in Sources */ = {isa = PBXBuildFile; fileRef = CA4BAB8522D6BE69003347AF /* CreateGameBuilder.swift */; };
		CA4BAB8922D6CED1003347AF /* TextInputCell.swift in Sources */ = {isa = PBXBuildFile; fileRef = CA4BAB8822D6CED1003347AF /* TextInputCell.swift */; };
		CA4BAB8B22D6CF0C003347AF /* ControlText.swift in Sources */ = {isa = PBXBuildFile; fileRef = CA4BAB8A22D6CF0C003347AF /* ControlText.swift */; };
		CA4BAB8D22D6DBD5003347AF /* ButtonState.swift in Sources */ = {isa = PBXBuildFile; fileRef = CA4BAB8C22D6DBD5003347AF /* ButtonState.swift */; };
		CA4BAB9022D6DC2F003347AF /* UIControl+Extensions.swift in Sources */ = {isa = PBXBuildFile; fileRef = CA4BAB8F22D6DC2F003347AF /* UIControl+Extensions.swift */; };
		CA4BAB9222D6E160003347AF /* GameNavigationController.swift in Sources */ = {isa = PBXBuildFile; fileRef = CA4BAB9122D6E160003347AF /* GameNavigationController.swift */; };
		CA4BAB9422D76016003347AF /* UIViewController+Extensions.swift in Sources */ = {isa = PBXBuildFile; fileRef = CA4BAB9322D76016003347AF /* UIViewController+Extensions.swift */; };
		CA4BAB9622D76322003347AF /* Theme.swift in Sources */ = {isa = PBXBuildFile; fileRef = CA4BAB9522D76322003347AF /* Theme.swift */; };
		CA4BAB9D22D7677A003347AF /* Player.swift in Sources */ = {isa = PBXBuildFile; fileRef = CA4BAB9C22D7677A003347AF /* Player.swift */; };
		CA4BABA022D76E9D003347AF /* PlayerListItemView.swift in Sources */ = {isa = PBXBuildFile; fileRef = CA4BAB9F22D76E9D003347AF /* PlayerListItemView.swift */; };
		CA4BABA222D77089003347AF /* PlayerListViewController.swift in Sources */ = {isa = PBXBuildFile; fileRef = CA4BABA122D77089003347AF /* PlayerListViewController.swift */; };
		CA4BABA422D77103003347AF /* PlayerListBuilder.swift in Sources */ = {isa = PBXBuildFile; fileRef = CA4BABA322D77103003347AF /* PlayerListBuilder.swift */; };
		CA4BABA622D77187003347AF /* PlayerListViewModel.swift in Sources */ = {isa = PBXBuildFile; fileRef = CA4BABA522D77187003347AF /* PlayerListViewModel.swift */; };
		CA51636E22F465AA002E0A90 /* Loaf.framework in Frameworks */ = {isa = PBXBuildFile; fileRef = CA51636D22F465AA002E0A90 /* Loaf.framework */; };
		CA9209FE22E93604008E1B96 /* Record.swift in Sources */ = {isa = PBXBuildFile; fileRef = CA9209FD22E93604008E1B96 /* Record.swift */; };
		CA920A0022E9360F008E1B96 /* PlayerRecord.swift in Sources */ = {isa = PBXBuildFile; fileRef = CA9209FF22E9360F008E1B96 /* PlayerRecord.swift */; };
		CA920A0222E93666008E1B96 /* Score.swift in Sources */ = {isa = PBXBuildFile; fileRef = CA920A0122E93666008E1B96 /* Score.swift */; };
		CA920A0622E94911008E1B96 /* PlayerStandings.swift in Sources */ = {isa = PBXBuildFile; fileRef = CA920A0522E94911008E1B96 /* PlayerStandings.swift */; };
		CA920A0822E94A84008E1B96 /* GamePlay.swift in Sources */ = {isa = PBXBuildFile; fileRef = CA920A0722E94A84008E1B96 /* GamePlay.swift */; };
		CA96220322D592AA00479A0B /* CreateGameViewController.swift in Sources */ = {isa = PBXBuildFile; fileRef = CA96220222D592AA00479A0B /* CreateGameViewController.swift */; };
		CA96220522D592B400479A0B /* CreateGameViewModel.swift in Sources */ = {isa = PBXBuildFile; fileRef = CA96220422D592B400479A0B /* CreateGameViewModel.swift */; };
		CAB3871022D186CE00349B1F /* GameListViewController.swift in Sources */ = {isa = PBXBuildFile; fileRef = CAB3870F22D186CE00349B1F /* GameListViewController.swift */; };
		CAB3871422D18C5700349B1F /* Game.swift in Sources */ = {isa = PBXBuildFile; fileRef = CAB3871322D18C5700349B1F /* Game.swift */; };
		CAB3871622D18DEB00349B1F /* GameListItemView.swift in Sources */ = {isa = PBXBuildFile; fileRef = CAB3871522D18DEB00349B1F /* GameListItemView.swift */; };
		CAB3871922D18E2100349B1F /* GameListViewModel.swift in Sources */ = {isa = PBXBuildFile; fileRef = CAB3871822D18E2100349B1F /* GameListViewModel.swift */; };
		CAB3871C22D1907A00349B1F /* ViewAction.swift in Sources */ = {isa = PBXBuildFile; fileRef = CAB3871B22D1907A00349B1F /* ViewAction.swift */; };
		CAB3871E22D224A100349B1F /* ViewModel.swift in Sources */ = {isa = PBXBuildFile; fileRef = CAB3871D22D224A100349B1F /* ViewModel.swift */; };
		CAB3872022D2254000349B1F /* Action.swift in Sources */ = {isa = PBXBuildFile; fileRef = CAB3871F22D2254000349B1F /* Action.swift */; };
		CABA3EA222D36BAD00960758 /* LeaderboardAPI.swift in Sources */ = {isa = PBXBuildFile; fileRef = CABA3EA122D36BAD00960758 /* LeaderboardAPI.swift */; };
		CABA3EA422D42DC300960758 /* GameListBuilder.swift in Sources */ = {isa = PBXBuildFile; fileRef = CABA3EA322D42DC300960758 /* GameListBuilder.swift */; };
		CABA3EA622D4B15C00960758 /* FunctionalTableData.framework in Frameworks */ = {isa = PBXBuildFile; fileRef = CABA3EA522D4B15C00960758 /* FunctionalTableData.framework */; };
		CABA3EA822D4B2BE00960758 /* Metrics.swift in Sources */ = {isa = PBXBuildFile; fileRef = CABA3EA722D4B2BE00960758 /* Metrics.swift */; };
		CABA3EAA22D4B4DB00960758 /* FTDViewController.swift in Sources */ = {isa = PBXBuildFile; fileRef = CABA3EA922D4B4DB00960758 /* FTDViewController.swift */; };
		CABA3EAD22D4B83D00960758 /* ImageLoader.swift in Sources */ = {isa = PBXBuildFile; fileRef = CABA3EAC22D4B83D00960758 /* ImageLoader.swift */; };
		CABA3EB122D58D8700960758 /* Colors.swift in Sources */ = {isa = PBXBuildFile; fileRef = CABA3EB022D58D8700960758 /* Colors.swift */; };
		CAC47BC722E887DC000DF790 /* Standings.swift in Sources */ = {isa = PBXBuildFile; fileRef = CAC47BC622E887DC000DF790 /* Standings.swift */; };
		CAC9066D22D0F70B0075B033 /* AppDelegate.swift in Sources */ = {isa = PBXBuildFile; fileRef = CAC9066C22D0F70B0075B033 /* AppDelegate.swift */; };
		CAC9066F22D0F70B0075B033 /* RootTabBarController.swift in Sources */ = {isa = PBXBuildFile; fileRef = CAC9066E22D0F70B0075B033 /* RootTabBarController.swift */; };
		CAC9067422D0F70F0075B033 /* Assets.xcassets in Resources */ = {isa = PBXBuildFile; fileRef = CAC9067322D0F70F0075B033 /* Assets.xcassets */; };
		CAC9067722D0F70F0075B033 /* LaunchScreen.storyboard in Resources */ = {isa = PBXBuildFile; fileRef = CAC9067522D0F70F0075B033 /* LaunchScreen.storyboard */; };
		CAC9068222D0F70F0075B033 /* MyLeaderboardTests.swift in Sources */ = {isa = PBXBuildFile; fileRef = CAC9068122D0F70F0075B033 /* MyLeaderboardTests.swift */; };
		CAC9068D22D0F70F0075B033 /* MyLeaderboardUITests.swift in Sources */ = {isa = PBXBuildFile; fileRef = CAC9068C22D0F70F0075B033 /* MyLeaderboardUITests.swift */; };
		CAE16DFB22F44C5600F1304C /* BasePickerViewController.swift in Sources */ = {isa = PBXBuildFile; fileRef = CAE16DFA22F44C5600F1304C /* BasePickerViewController.swift */; };
		CAE16DFD22F44D9B00F1304C /* BasePickerViewModel.swift in Sources */ = {isa = PBXBuildFile; fileRef = CAE16DFC22F44D9B00F1304C /* BasePickerViewModel.swift */; };
		CAE16DFF22F45FCE00F1304C /* BasePickerBuilder.swift in Sources */ = {isa = PBXBuildFile; fileRef = CAE16DFE22F45FCE00F1304C /* BasePickerBuilder.swift */; };
		F55AE95A22F1049500BCEE5B /* Identifiable.swift in Sources */ = {isa = PBXBuildFile; fileRef = F55AE95922F1049500BCEE5B /* Identifiable.swift */; };
/* End PBXBuildFile section */

/* Begin PBXContainerItemProxy section */
		CAC9067E22D0F70F0075B033 /* PBXContainerItemProxy */ = {
			isa = PBXContainerItemProxy;
			containerPortal = CAC9066122D0F70B0075B033 /* Project object */;
			proxyType = 1;
			remoteGlobalIDString = CAC9066822D0F70B0075B033;
			remoteInfo = MyLeaderboard;
		};
		CAC9068922D0F70F0075B033 /* PBXContainerItemProxy */ = {
			isa = PBXContainerItemProxy;
			containerPortal = CAC9066122D0F70B0075B033 /* Project object */;
			proxyType = 1;
			remoteGlobalIDString = CAC9066822D0F70B0075B033;
			remoteInfo = MyLeaderboard;
		};
/* End PBXContainerItemProxy section */

/* Begin PBXFileReference section */
		CA4BAB8522D6BE69003347AF /* CreateGameBuilder.swift */ = {isa = PBXFileReference; lastKnownFileType = sourcecode.swift; path = CreateGameBuilder.swift; sourceTree = "<group>"; };
		CA4BAB8822D6CED1003347AF /* TextInputCell.swift */ = {isa = PBXFileReference; lastKnownFileType = sourcecode.swift; path = TextInputCell.swift; sourceTree = "<group>"; };
		CA4BAB8A22D6CF0C003347AF /* ControlText.swift */ = {isa = PBXFileReference; lastKnownFileType = sourcecode.swift; path = ControlText.swift; sourceTree = "<group>"; };
		CA4BAB8C22D6DBD5003347AF /* ButtonState.swift */ = {isa = PBXFileReference; lastKnownFileType = sourcecode.swift; path = ButtonState.swift; sourceTree = "<group>"; };
		CA4BAB8F22D6DC2F003347AF /* UIControl+Extensions.swift */ = {isa = PBXFileReference; lastKnownFileType = sourcecode.swift; path = "UIControl+Extensions.swift"; sourceTree = "<group>"; };
		CA4BAB9122D6E160003347AF /* GameNavigationController.swift */ = {isa = PBXFileReference; lastKnownFileType = sourcecode.swift; path = GameNavigationController.swift; sourceTree = "<group>"; };
		CA4BAB9322D76016003347AF /* UIViewController+Extensions.swift */ = {isa = PBXFileReference; lastKnownFileType = sourcecode.swift; path = "UIViewController+Extensions.swift"; sourceTree = "<group>"; };
		CA4BAB9522D76322003347AF /* Theme.swift */ = {isa = PBXFileReference; lastKnownFileType = sourcecode.swift; path = Theme.swift; sourceTree = "<group>"; };
		CA4BAB9C22D7677A003347AF /* Player.swift */ = {isa = PBXFileReference; lastKnownFileType = sourcecode.swift; path = Player.swift; sourceTree = "<group>"; };
		CA4BAB9F22D76E9D003347AF /* PlayerListItemView.swift */ = {isa = PBXFileReference; lastKnownFileType = sourcecode.swift; path = PlayerListItemView.swift; sourceTree = "<group>"; };
		CA4BABA122D77089003347AF /* PlayerListViewController.swift */ = {isa = PBXFileReference; lastKnownFileType = sourcecode.swift; path = PlayerListViewController.swift; sourceTree = "<group>"; };
		CA4BABA322D77103003347AF /* PlayerListBuilder.swift */ = {isa = PBXFileReference; lastKnownFileType = sourcecode.swift; path = PlayerListBuilder.swift; sourceTree = "<group>"; };
		CA4BABA522D77187003347AF /* PlayerListViewModel.swift */ = {isa = PBXFileReference; lastKnownFileType = sourcecode.swift; path = PlayerListViewModel.swift; sourceTree = "<group>"; };
		CA51636D22F465AA002E0A90 /* Loaf.framework */ = {isa = PBXFileReference; explicitFileType = wrapper.framework; path = Loaf.framework; sourceTree = BUILT_PRODUCTS_DIR; };
		CA9209FD22E93604008E1B96 /* Record.swift */ = {isa = PBXFileReference; lastKnownFileType = sourcecode.swift; path = Record.swift; sourceTree = "<group>"; };
		CA9209FF22E9360F008E1B96 /* PlayerRecord.swift */ = {isa = PBXFileReference; lastKnownFileType = sourcecode.swift; path = PlayerRecord.swift; sourceTree = "<group>"; };
		CA920A0122E93666008E1B96 /* Score.swift */ = {isa = PBXFileReference; lastKnownFileType = sourcecode.swift; path = Score.swift; sourceTree = "<group>"; };
		CA920A0522E94911008E1B96 /* PlayerStandings.swift */ = {isa = PBXFileReference; lastKnownFileType = sourcecode.swift; path = PlayerStandings.swift; sourceTree = "<group>"; };
		CA920A0722E94A84008E1B96 /* GamePlay.swift */ = {isa = PBXFileReference; lastKnownFileType = sourcecode.swift; path = GamePlay.swift; sourceTree = "<group>"; };
		CA96220222D592AA00479A0B /* CreateGameViewController.swift */ = {isa = PBXFileReference; lastKnownFileType = sourcecode.swift; path = CreateGameViewController.swift; sourceTree = "<group>"; };
		CA96220422D592B400479A0B /* CreateGameViewModel.swift */ = {isa = PBXFileReference; lastKnownFileType = sourcecode.swift; path = CreateGameViewModel.swift; sourceTree = "<group>"; };
		CAB3870F22D186CE00349B1F /* GameListViewController.swift */ = {isa = PBXFileReference; lastKnownFileType = sourcecode.swift; path = GameListViewController.swift; sourceTree = "<group>"; };
		CAB3871322D18C5700349B1F /* Game.swift */ = {isa = PBXFileReference; lastKnownFileType = sourcecode.swift; path = Game.swift; sourceTree = "<group>"; };
		CAB3871522D18DEB00349B1F /* GameListItemView.swift */ = {isa = PBXFileReference; lastKnownFileType = sourcecode.swift; path = GameListItemView.swift; sourceTree = "<group>"; };
		CAB3871822D18E2100349B1F /* GameListViewModel.swift */ = {isa = PBXFileReference; lastKnownFileType = sourcecode.swift; path = GameListViewModel.swift; sourceTree = "<group>"; };
		CAB3871B22D1907A00349B1F /* ViewAction.swift */ = {isa = PBXFileReference; lastKnownFileType = sourcecode.swift; path = ViewAction.swift; sourceTree = "<group>"; };
		CAB3871D22D224A100349B1F /* ViewModel.swift */ = {isa = PBXFileReference; lastKnownFileType = sourcecode.swift; path = ViewModel.swift; sourceTree = "<group>"; };
		CAB3871F22D2254000349B1F /* Action.swift */ = {isa = PBXFileReference; lastKnownFileType = sourcecode.swift; path = Action.swift; sourceTree = "<group>"; };
		CABA3EA122D36BAD00960758 /* LeaderboardAPI.swift */ = {isa = PBXFileReference; lastKnownFileType = sourcecode.swift; path = LeaderboardAPI.swift; sourceTree = "<group>"; };
		CABA3EA322D42DC300960758 /* GameListBuilder.swift */ = {isa = PBXFileReference; lastKnownFileType = sourcecode.swift; path = GameListBuilder.swift; sourceTree = "<group>"; };
		CABA3EA522D4B15C00960758 /* FunctionalTableData.framework */ = {isa = PBXFileReference; explicitFileType = wrapper.framework; path = FunctionalTableData.framework; sourceTree = BUILT_PRODUCTS_DIR; };
		CABA3EA722D4B2BE00960758 /* Metrics.swift */ = {isa = PBXFileReference; lastKnownFileType = sourcecode.swift; path = Metrics.swift; sourceTree = "<group>"; };
		CABA3EA922D4B4DB00960758 /* FTDViewController.swift */ = {isa = PBXFileReference; lastKnownFileType = sourcecode.swift; path = FTDViewController.swift; sourceTree = "<group>"; };
		CABA3EAC22D4B83D00960758 /* ImageLoader.swift */ = {isa = PBXFileReference; lastKnownFileType = sourcecode.swift; path = ImageLoader.swift; sourceTree = "<group>"; };
		CABA3EB022D58D8700960758 /* Colors.swift */ = {isa = PBXFileReference; lastKnownFileType = sourcecode.swift; path = Colors.swift; sourceTree = "<group>"; };
		CAC47BC622E887DC000DF790 /* Standings.swift */ = {isa = PBXFileReference; lastKnownFileType = sourcecode.swift; path = Standings.swift; sourceTree = "<group>"; };
		CAC9066922D0F70B0075B033 /* MyLeaderboard.app */ = {isa = PBXFileReference; explicitFileType = wrapper.application; includeInIndex = 0; path = MyLeaderboard.app; sourceTree = BUILT_PRODUCTS_DIR; };
		CAC9066C22D0F70B0075B033 /* AppDelegate.swift */ = {isa = PBXFileReference; lastKnownFileType = sourcecode.swift; path = AppDelegate.swift; sourceTree = "<group>"; };
		CAC9066E22D0F70B0075B033 /* RootTabBarController.swift */ = {isa = PBXFileReference; lastKnownFileType = sourcecode.swift; path = RootTabBarController.swift; sourceTree = "<group>"; };
		CAC9067322D0F70F0075B033 /* Assets.xcassets */ = {isa = PBXFileReference; lastKnownFileType = folder.assetcatalog; path = Assets.xcassets; sourceTree = "<group>"; };
		CAC9067622D0F70F0075B033 /* Base */ = {isa = PBXFileReference; lastKnownFileType = file.storyboard; name = Base; path = Base.lproj/LaunchScreen.storyboard; sourceTree = "<group>"; };
		CAC9067822D0F70F0075B033 /* Info.plist */ = {isa = PBXFileReference; lastKnownFileType = text.plist.xml; path = Info.plist; sourceTree = "<group>"; };
		CAC9067D22D0F70F0075B033 /* MyLeaderboardTests.xctest */ = {isa = PBXFileReference; explicitFileType = wrapper.cfbundle; includeInIndex = 0; path = MyLeaderboardTests.xctest; sourceTree = BUILT_PRODUCTS_DIR; };
		CAC9068122D0F70F0075B033 /* MyLeaderboardTests.swift */ = {isa = PBXFileReference; lastKnownFileType = sourcecode.swift; path = MyLeaderboardTests.swift; sourceTree = "<group>"; };
		CAC9068322D0F70F0075B033 /* Info.plist */ = {isa = PBXFileReference; lastKnownFileType = text.plist.xml; path = Info.plist; sourceTree = "<group>"; };
		CAC9068822D0F70F0075B033 /* MyLeaderboardUITests.xctest */ = {isa = PBXFileReference; explicitFileType = wrapper.cfbundle; includeInIndex = 0; path = MyLeaderboardUITests.xctest; sourceTree = BUILT_PRODUCTS_DIR; };
		CAC9068C22D0F70F0075B033 /* MyLeaderboardUITests.swift */ = {isa = PBXFileReference; lastKnownFileType = sourcecode.swift; path = MyLeaderboardUITests.swift; sourceTree = "<group>"; };
		CAC9068E22D0F70F0075B033 /* Info.plist */ = {isa = PBXFileReference; lastKnownFileType = text.plist.xml; path = Info.plist; sourceTree = "<group>"; };
		CAE16DFA22F44C5600F1304C /* BasePickerViewController.swift */ = {isa = PBXFileReference; lastKnownFileType = sourcecode.swift; path = BasePickerViewController.swift; sourceTree = "<group>"; };
		CAE16DFC22F44D9B00F1304C /* BasePickerViewModel.swift */ = {isa = PBXFileReference; lastKnownFileType = sourcecode.swift; path = BasePickerViewModel.swift; sourceTree = "<group>"; };
		CAE16DFE22F45FCE00F1304C /* BasePickerBuilder.swift */ = {isa = PBXFileReference; lastKnownFileType = sourcecode.swift; path = BasePickerBuilder.swift; sourceTree = "<group>"; };
		F55AE95922F1049500BCEE5B /* Identifiable.swift */ = {isa = PBXFileReference; lastKnownFileType = sourcecode.swift; path = Identifiable.swift; sourceTree = "<group>"; };
/* End PBXFileReference section */

/* Begin PBXFrameworksBuildPhase section */
		CAC9066622D0F70B0075B033 /* Frameworks */ = {
			isa = PBXFrameworksBuildPhase;
			buildActionMask = 2147483647;
			files = (
				CA51636E22F465AA002E0A90 /* Loaf.framework in Frameworks */,
				CABA3EA622D4B15C00960758 /* FunctionalTableData.framework in Frameworks */,
			);
			runOnlyForDeploymentPostprocessing = 0;
		};
		CAC9067A22D0F70F0075B033 /* Frameworks */ = {
			isa = PBXFrameworksBuildPhase;
			buildActionMask = 2147483647;
			files = (
			);
			runOnlyForDeploymentPostprocessing = 0;
		};
		CAC9068522D0F70F0075B033 /* Frameworks */ = {
			isa = PBXFrameworksBuildPhase;
			buildActionMask = 2147483647;
			files = (
			);
			runOnlyForDeploymentPostprocessing = 0;
		};
/* End PBXFrameworksBuildPhase section */

/* Begin PBXGroup section */
		CA4BAB8722D6CEBC003347AF /* Cells */ = {
			isa = PBXGroup;
			children = (
				CA4BAB8C22D6DBD5003347AF /* ButtonState.swift */,
				CA4BAB8A22D6CF0C003347AF /* ControlText.swift */,
				CA4BAB8822D6CED1003347AF /* TextInputCell.swift */,
			);
			path = Cells;
			sourceTree = "<group>";
		};
		CA4BAB8E22D6DC1A003347AF /* Extensions */ = {
			isa = PBXGroup;
			children = (
				CA4BAB8F22D6DC2F003347AF /* UIControl+Extensions.swift */,
				CA4BAB9322D76016003347AF /* UIViewController+Extensions.swift */,
			);
			path = Extensions;
			sourceTree = "<group>";
		};
		CA4BAB9722D7670B003347AF /* Sections */ = {
			isa = PBXGroup;
			children = (
				CAC47BC522E887CC000DF790 /* Standings */,
				CA4BAB9822D76741003347AF /* Players */,
				CAB3870E22D17F1B00349B1F /* Games */,
			);
			path = Sections;
			sourceTree = "<group>";
		};
		CA4BAB9822D76741003347AF /* Players */ = {
			isa = PBXGroup;
			children = (
				CA4BAB9A22D76756003347AF /* Create */,
				CA4BAB9922D76751003347AF /* List */,
				CA4BAB9B22D76764003347AF /* Models */,
				CA4BAB9E22D76E83003347AF /* Views */,
			);
			path = Players;
			sourceTree = "<group>";
		};
		CA4BAB9922D76751003347AF /* List */ = {
			isa = PBXGroup;
			children = (
				CA4BABA322D77103003347AF /* PlayerListBuilder.swift */,
				CA4BABA122D77089003347AF /* PlayerListViewController.swift */,
				CA4BABA522D77187003347AF /* PlayerListViewModel.swift */,
			);
			path = List;
			sourceTree = "<group>";
		};
		CA4BAB9A22D76756003347AF /* Create */ = {
			isa = PBXGroup;
			children = (
			);
			path = Create;
			sourceTree = "<group>";
		};
		CA4BAB9B22D76764003347AF /* Models */ = {
			isa = PBXGroup;
			children = (
				CA4BAB9C22D7677A003347AF /* Player.swift */,
			);
			path = Models;
			sourceTree = "<group>";
		};
		CA4BAB9E22D76E83003347AF /* Views */ = {
			isa = PBXGroup;
			children = (
				CA4BAB9F22D76E9D003347AF /* PlayerListItemView.swift */,
			);
			path = Views;
			sourceTree = "<group>";
		};
		CA63D23622D36B7100B7A51F /* API */ = {
			isa = PBXGroup;
			children = (
				CABA3EA122D36BAD00960758 /* LeaderboardAPI.swift */,
			);
			path = API;
			sourceTree = "<group>";
		};
		CA9209FC22E935ED008E1B96 /* Models */ = {
			isa = PBXGroup;
			children = (
				CA9209FF22E9360F008E1B96 /* PlayerRecord.swift */,
				CA920A0522E94911008E1B96 /* PlayerStandings.swift */,
				CA9209FD22E93604008E1B96 /* Record.swift */,
				CA920A0122E93666008E1B96 /* Score.swift */,
				CAC47BC622E887DC000DF790 /* Standings.swift */,
			);
			path = Models;
			sourceTree = "<group>";
		};
		CA96220122D5928700479A0B /* Create */ = {
			isa = PBXGroup;
			children = (
				CA96220222D592AA00479A0B /* CreateGameViewController.swift */,
				CA96220422D592B400479A0B /* CreateGameViewModel.swift */,
				CA4BAB8522D6BE69003347AF /* CreateGameBuilder.swift */,
			);
			path = Create;
			sourceTree = "<group>";
		};
		CAB3870E22D17F1B00349B1F /* Games */ = {
			isa = PBXGroup;
			children = (
				CA96220122D5928700479A0B /* Create */,
				CAB3871722D18E1000349B1F /* List */,
				CAB3871122D1886E00349B1F /* Models */,
				CAB3871222D188C800349B1F /* Views */,
				CA4BAB9122D6E160003347AF /* GameNavigationController.swift */,
			);
			path = Games;
			sourceTree = "<group>";
		};
		CAB3871122D1886E00349B1F /* Models */ = {
			isa = PBXGroup;
			children = (
				CAB3871322D18C5700349B1F /* Game.swift */,
				CA920A0722E94A84008E1B96 /* GamePlay.swift */,
			);
			path = Models;
			sourceTree = "<group>";
		};
		CAB3871222D188C800349B1F /* Views */ = {
			isa = PBXGroup;
			children = (
				CAB3871522D18DEB00349B1F /* GameListItemView.swift */,
			);
			path = Views;
			sourceTree = "<group>";
		};
		CAB3871722D18E1000349B1F /* List */ = {
			isa = PBXGroup;
			children = (
				CAB3870F22D186CE00349B1F /* GameListViewController.swift */,
				CAB3871822D18E2100349B1F /* GameListViewModel.swift */,
				CABA3EA322D42DC300960758 /* GameListBuilder.swift */,
			);
			path = List;
			sourceTree = "<group>";
		};
		CAB3871A22D1906D00349B1F /* Common */ = {
			isa = PBXGroup;
			children = (
				CAE16DF922F44C3800F1304C /* Picker */,
				CA4BAB8722D6CEBC003347AF /* Cells */,
				CABA3EAB22D4B81F00960758 /* MVVM */,
				CABA3EA922D4B4DB00960758 /* FTDViewController.swift */,
				CABA3EAC22D4B83D00960758 /* ImageLoader.swift */,
				F55AE95922F1049500BCEE5B /* Identifiable.swift */,
			);
			path = Common;
			sourceTree = "<group>";
		};
		CAB3872A22D22DA100349B1F /* Frameworks */ = {
			isa = PBXGroup;
			children = (
				CA51636D22F465AA002E0A90 /* Loaf.framework */,
				CABA3EA522D4B15C00960758 /* FunctionalTableData.framework */,
			);
			name = Frameworks;
			sourceTree = "<group>";
		};
		CABA3EAB22D4B81F00960758 /* MVVM */ = {
			isa = PBXGroup;
			children = (
				CAB3871F22D2254000349B1F /* Action.swift */,
				CAB3871B22D1907A00349B1F /* ViewAction.swift */,
				CAB3871D22D224A100349B1F /* ViewModel.swift */,
			);
			path = MVVM;
			sourceTree = "<group>";
		};
		CABA3EB222D58D8B00960758 /* UX */ = {
			isa = PBXGroup;
			children = (
				CABA3EB022D58D8700960758 /* Colors.swift */,
				CABA3EA722D4B2BE00960758 /* Metrics.swift */,
				CA4BAB9522D76322003347AF /* Theme.swift */,
			);
			path = UX;
			sourceTree = "<group>";
		};
		CAC47BC522E887CC000DF790 /* Standings */ = {
			isa = PBXGroup;
			children = (
				CA9209FC22E935ED008E1B96 /* Models */,
			);
			path = Standings;
			sourceTree = "<group>";
		};
		CAC9066022D0F70B0075B033 = {
			isa = PBXGroup;
			children = (
				CAC9066B22D0F70B0075B033 /* MyLeaderboard */,
				CAC9068022D0F70F0075B033 /* MyLeaderboardTests */,
				CAC9068B22D0F70F0075B033 /* MyLeaderboardUITests */,
				CAC9066A22D0F70B0075B033 /* Products */,
				CAB3872A22D22DA100349B1F /* Frameworks */,
			);
			sourceTree = "<group>";
		};
		CAC9066A22D0F70B0075B033 /* Products */ = {
			isa = PBXGroup;
			children = (
				CAC9066922D0F70B0075B033 /* MyLeaderboard.app */,
				CAC9067D22D0F70F0075B033 /* MyLeaderboardTests.xctest */,
				CAC9068822D0F70F0075B033 /* MyLeaderboardUITests.xctest */,
			);
			name = Products;
			sourceTree = "<group>";
		};
		CAC9066B22D0F70B0075B033 /* MyLeaderboard */ = {
			isa = PBXGroup;
			children = (
				CAC9067822D0F70F0075B033 /* Info.plist */,
				CAC9069B22D172F80075B033 /* Resources */,
				CAC9069A22D172EF0075B033 /* Source */,
			);
			path = MyLeaderboard;
			sourceTree = "<group>";
		};
		CAC9068022D0F70F0075B033 /* MyLeaderboardTests */ = {
			isa = PBXGroup;
			children = (
				CAC9068122D0F70F0075B033 /* MyLeaderboardTests.swift */,
				CAC9068322D0F70F0075B033 /* Info.plist */,
			);
			path = MyLeaderboardTests;
			sourceTree = "<group>";
		};
		CAC9068B22D0F70F0075B033 /* MyLeaderboardUITests */ = {
			isa = PBXGroup;
			children = (
				CAC9068C22D0F70F0075B033 /* MyLeaderboardUITests.swift */,
				CAC9068E22D0F70F0075B033 /* Info.plist */,
			);
			path = MyLeaderboardUITests;
			sourceTree = "<group>";
		};
		CAC9069A22D172EF0075B033 /* Source */ = {
			isa = PBXGroup;
			children = (
				CA63D23622D36B7100B7A51F /* API */,
				CAB3871A22D1906D00349B1F /* Common */,
				CA4BAB8E22D6DC1A003347AF /* Extensions */,
				CA4BAB9722D7670B003347AF /* Sections */,
				CABA3EB222D58D8B00960758 /* UX */,
				CAC9066C22D0F70B0075B033 /* AppDelegate.swift */,
				CAC9066E22D0F70B0075B033 /* RootTabBarController.swift */,
			);
			path = Source;
			sourceTree = "<group>";
		};
		CAC9069B22D172F80075B033 /* Resources */ = {
			isa = PBXGroup;
			children = (
				CAC9067522D0F70F0075B033 /* LaunchScreen.storyboard */,
				CAC9067322D0F70F0075B033 /* Assets.xcassets */,
			);
			path = Resources;
			sourceTree = "<group>";
		};
		CAE16DF922F44C3800F1304C /* Picker */ = {
			isa = PBXGroup;
			children = (
				CAE16DFE22F45FCE00F1304C /* BasePickerBuilder.swift */,
				CAE16DFA22F44C5600F1304C /* BasePickerViewController.swift */,
				CAE16DFC22F44D9B00F1304C /* BasePickerViewModel.swift */,
			);
			path = Picker;
			sourceTree = "<group>";
		};
/* End PBXGroup section */

/* Begin PBXNativeTarget section */
		CAC9066822D0F70B0075B033 /* MyLeaderboard */ = {
			isa = PBXNativeTarget;
			buildConfigurationList = CAC9069122D0F70F0075B033 /* Build configuration list for PBXNativeTarget "MyLeaderboard" */;
			buildPhases = (
				CA4BABA722D78496003347AF /* ShellScript */,
				CAC9066522D0F70B0075B033 /* Sources */,
				CAC9066622D0F70B0075B033 /* Frameworks */,
				CAC9066722D0F70B0075B033 /* Resources */,
			);
			buildRules = (
			);
			dependencies = (
			);
			name = MyLeaderboard;
			productName = MyLeaderboard;
			productReference = CAC9066922D0F70B0075B033 /* MyLeaderboard.app */;
			productType = "com.apple.product-type.application";
		};
		CAC9067C22D0F70F0075B033 /* MyLeaderboardTests */ = {
			isa = PBXNativeTarget;
			buildConfigurationList = CAC9069422D0F70F0075B033 /* Build configuration list for PBXNativeTarget "MyLeaderboardTests" */;
			buildPhases = (
				CAC9067922D0F70F0075B033 /* Sources */,
				CAC9067A22D0F70F0075B033 /* Frameworks */,
				CAC9067B22D0F70F0075B033 /* Resources */,
			);
			buildRules = (
			);
			dependencies = (
				CAC9067F22D0F70F0075B033 /* PBXTargetDependency */,
			);
			name = MyLeaderboardTests;
			productName = MyLeaderboardTests;
			productReference = CAC9067D22D0F70F0075B033 /* MyLeaderboardTests.xctest */;
			productType = "com.apple.product-type.bundle.unit-test";
		};
		CAC9068722D0F70F0075B033 /* MyLeaderboardUITests */ = {
			isa = PBXNativeTarget;
			buildConfigurationList = CAC9069722D0F70F0075B033 /* Build configuration list for PBXNativeTarget "MyLeaderboardUITests" */;
			buildPhases = (
				CAC9068422D0F70F0075B033 /* Sources */,
				CAC9068522D0F70F0075B033 /* Frameworks */,
				CAC9068622D0F70F0075B033 /* Resources */,
			);
			buildRules = (
			);
			dependencies = (
				CAC9068A22D0F70F0075B033 /* PBXTargetDependency */,
			);
			name = MyLeaderboardUITests;
			productName = MyLeaderboardUITests;
			productReference = CAC9068822D0F70F0075B033 /* MyLeaderboardUITests.xctest */;
			productType = "com.apple.product-type.bundle.ui-testing";
		};
/* End PBXNativeTarget section */

/* Begin PBXProject section */
		CAC9066122D0F70B0075B033 /* Project object */ = {
			isa = PBXProject;
			attributes = {
				LastSwiftUpdateCheck = 1020;
				LastUpgradeCheck = 1020;
				ORGANIZATIONNAME = "Joseph Roque";
				TargetAttributes = {
					CAC9066822D0F70B0075B033 = {
						CreatedOnToolsVersion = 10.2;
					};
					CAC9067C22D0F70F0075B033 = {
						CreatedOnToolsVersion = 10.2;
						TestTargetID = CAC9066822D0F70B0075B033;
					};
					CAC9068722D0F70F0075B033 = {
						CreatedOnToolsVersion = 10.2;
						TestTargetID = CAC9066822D0F70B0075B033;
					};
				};
			};
			buildConfigurationList = CAC9066422D0F70B0075B033 /* Build configuration list for PBXProject "MyLeaderboard" */;
			compatibilityVersion = "Xcode 9.3";
			developmentRegion = en;
			hasScannedForEncodings = 0;
			knownRegions = (
				en,
				Base,
			);
			mainGroup = CAC9066022D0F70B0075B033;
			productRefGroup = CAC9066A22D0F70B0075B033 /* Products */;
			projectDirPath = "";
			projectRoot = "";
			targets = (
				CAC9066822D0F70B0075B033 /* MyLeaderboard */,
				CAC9067C22D0F70F0075B033 /* MyLeaderboardTests */,
				CAC9068722D0F70F0075B033 /* MyLeaderboardUITests */,
			);
		};
/* End PBXProject section */

/* Begin PBXResourcesBuildPhase section */
		CAC9066722D0F70B0075B033 /* Resources */ = {
			isa = PBXResourcesBuildPhase;
			buildActionMask = 2147483647;
			files = (
				CAC9067722D0F70F0075B033 /* LaunchScreen.storyboard in Resources */,
				CAC9067422D0F70F0075B033 /* Assets.xcassets in Resources */,
			);
			runOnlyForDeploymentPostprocessing = 0;
		};
		CAC9067B22D0F70F0075B033 /* Resources */ = {
			isa = PBXResourcesBuildPhase;
			buildActionMask = 2147483647;
			files = (
			);
			runOnlyForDeploymentPostprocessing = 0;
		};
		CAC9068622D0F70F0075B033 /* Resources */ = {
			isa = PBXResourcesBuildPhase;
			buildActionMask = 2147483647;
			files = (
			);
			runOnlyForDeploymentPostprocessing = 0;
		};
/* End PBXResourcesBuildPhase section */

/* Begin PBXShellScriptBuildPhase section */
		CA4BABA722D78496003347AF /* ShellScript */ = {
			isa = PBXShellScriptBuildPhase;
			buildActionMask = 2147483647;
			files = (
			);
			inputFileListPaths = (
			);
			inputPaths = (
			);
			outputFileListPaths = (
			);
			outputPaths = (
			);
			runOnlyForDeploymentPostprocessing = 0;
			shellPath = /bin/sh;
			shellScript = "if which swiftlint >/dev/null; then\n    swiftlint\nelse\n    echo \"warning: SwiftLint not installed, download from https://github.com/realm/SwiftLint\"\nfi\n";
		};
/* End PBXShellScriptBuildPhase section */

/* Begin PBXSourcesBuildPhase section */
		CAC9066522D0F70B0075B033 /* Sources */ = {
			isa = PBXSourcesBuildPhase;
			buildActionMask = 2147483647;
			files = (
				CA920A0222E93666008E1B96 /* Score.swift in Sources */,
				CABA3EAD22D4B83D00960758 /* ImageLoader.swift in Sources */,
				CA4BAB8622D6BE69003347AF /* CreateGameBuilder.swift in Sources */,
				CA4BAB8D22D6DBD5003347AF /* ButtonState.swift in Sources */,
				CABA3EB122D58D8700960758 /* Colors.swift in Sources */,
				CA4BAB9422D76016003347AF /* UIViewController+Extensions.swift in Sources */,
				CA4BAB8922D6CED1003347AF /* TextInputCell.swift in Sources */,
				CA920A0022E9360F008E1B96 /* PlayerRecord.swift in Sources */,
				CA9209FE22E93604008E1B96 /* Record.swift in Sources */,
				CA4BAB9222D6E160003347AF /* GameNavigationController.swift in Sources */,
				CA4BABA022D76E9D003347AF /* PlayerListItemView.swift in Sources */,
				CABA3EAA22D4B4DB00960758 /* FTDViewController.swift in Sources */,
				CAC9066F22D0F70B0075B033 /* RootTabBarController.swift in Sources */,
				CA4BABA422D77103003347AF /* PlayerListBuilder.swift in Sources */,
				CA4BAB9022D6DC2F003347AF /* UIControl+Extensions.swift in Sources */,
				CAC47BC722E887DC000DF790 /* Standings.swift in Sources */,
				CA920A0622E94911008E1B96 /* PlayerStandings.swift in Sources */,
				CA4BAB8B22D6CF0C003347AF /* ControlText.swift in Sources */,
				CABA3EA422D42DC300960758 /* GameListBuilder.swift in Sources */,
				CAE16DFF22F45FCE00F1304C /* BasePickerBuilder.swift in Sources */,
				CA4BAB9622D76322003347AF /* Theme.swift in Sources */,
				CAB3872022D2254000349B1F /* Action.swift in Sources */,
				CA96220322D592AA00479A0B /* CreateGameViewController.swift in Sources */,
				CAB3871022D186CE00349B1F /* GameListViewController.swift in Sources */,
				CAE16DFB22F44C5600F1304C /* BasePickerViewController.swift in Sources */,
				CA4BABA222D77089003347AF /* PlayerListViewController.swift in Sources */,
				CAB3871922D18E2100349B1F /* GameListViewModel.swift in Sources */,
				CA96220522D592B400479A0B /* CreateGameViewModel.swift in Sources */,
				CA4BAB9D22D7677A003347AF /* Player.swift in Sources */,
				CAC9066D22D0F70B0075B033 /* AppDelegate.swift in Sources */,
				CAB3871C22D1907A00349B1F /* ViewAction.swift in Sources */,
				CABA3EA822D4B2BE00960758 /* Metrics.swift in Sources */,
				F55AE95A22F1049500BCEE5B /* Identifiable.swift in Sources */,
				CABA3EA222D36BAD00960758 /* LeaderboardAPI.swift in Sources */,
				CAE16DFD22F44D9B00F1304C /* BasePickerViewModel.swift in Sources */,
				CAB3871422D18C5700349B1F /* Game.swift in Sources */,
				CAB3871E22D224A100349B1F /* ViewModel.swift in Sources */,
				CAB3871622D18DEB00349B1F /* GameListItemView.swift in Sources */,
				CA4BABA622D77187003347AF /* PlayerListViewModel.swift in Sources */,
				CA920A0822E94A84008E1B96 /* GamePlay.swift in Sources */,
			);
			runOnlyForDeploymentPostprocessing = 0;
		};
		CAC9067922D0F70F0075B033 /* Sources */ = {
			isa = PBXSourcesBuildPhase;
			buildActionMask = 2147483647;
			files = (
				CAC9068222D0F70F0075B033 /* MyLeaderboardTests.swift in Sources */,
			);
			runOnlyForDeploymentPostprocessing = 0;
		};
		CAC9068422D0F70F0075B033 /* Sources */ = {
			isa = PBXSourcesBuildPhase;
			buildActionMask = 2147483647;
			files = (
				CAC9068D22D0F70F0075B033 /* MyLeaderboardUITests.swift in Sources */,
			);
			runOnlyForDeploymentPostprocessing = 0;
		};
/* End PBXSourcesBuildPhase section */

/* Begin PBXTargetDependency section */
		CAC9067F22D0F70F0075B033 /* PBXTargetDependency */ = {
			isa = PBXTargetDependency;
			target = CAC9066822D0F70B0075B033 /* MyLeaderboard */;
			targetProxy = CAC9067E22D0F70F0075B033 /* PBXContainerItemProxy */;
		};
		CAC9068A22D0F70F0075B033 /* PBXTargetDependency */ = {
			isa = PBXTargetDependency;
			target = CAC9066822D0F70B0075B033 /* MyLeaderboard */;
			targetProxy = CAC9068922D0F70F0075B033 /* PBXContainerItemProxy */;
		};
/* End PBXTargetDependency section */

/* Begin PBXVariantGroup section */
		CAC9067522D0F70F0075B033 /* LaunchScreen.storyboard */ = {
			isa = PBXVariantGroup;
			children = (
				CAC9067622D0F70F0075B033 /* Base */,
			);
			name = LaunchScreen.storyboard;
			sourceTree = "<group>";
		};
/* End PBXVariantGroup section */

/* Begin XCBuildConfiguration section */
		CAC9068F22D0F70F0075B033 /* Debug */ = {
			isa = XCBuildConfiguration;
			buildSettings = {
				ALWAYS_SEARCH_USER_PATHS = NO;
				CLANG_ANALYZER_NONNULL = YES;
				CLANG_ANALYZER_NUMBER_OBJECT_CONVERSION = YES_AGGRESSIVE;
				CLANG_CXX_LANGUAGE_STANDARD = "gnu++14";
				CLANG_CXX_LIBRARY = "libc++";
				CLANG_ENABLE_MODULES = YES;
				CLANG_ENABLE_OBJC_ARC = YES;
				CLANG_ENABLE_OBJC_WEAK = YES;
				CLANG_WARN_BLOCK_CAPTURE_AUTORELEASING = YES;
				CLANG_WARN_BOOL_CONVERSION = YES;
				CLANG_WARN_COMMA = YES;
				CLANG_WARN_CONSTANT_CONVERSION = YES;
				CLANG_WARN_DEPRECATED_OBJC_IMPLEMENTATIONS = YES;
				CLANG_WARN_DIRECT_OBJC_ISA_USAGE = YES_ERROR;
				CLANG_WARN_DOCUMENTATION_COMMENTS = YES;
				CLANG_WARN_EMPTY_BODY = YES;
				CLANG_WARN_ENUM_CONVERSION = YES;
				CLANG_WARN_INFINITE_RECURSION = YES;
				CLANG_WARN_INT_CONVERSION = YES;
				CLANG_WARN_NON_LITERAL_NULL_CONVERSION = YES;
				CLANG_WARN_OBJC_IMPLICIT_RETAIN_SELF = YES;
				CLANG_WARN_OBJC_LITERAL_CONVERSION = YES;
				CLANG_WARN_OBJC_ROOT_CLASS = YES_ERROR;
				CLANG_WARN_RANGE_LOOP_ANALYSIS = YES;
				CLANG_WARN_STRICT_PROTOTYPES = YES;
				CLANG_WARN_SUSPICIOUS_MOVE = YES;
				CLANG_WARN_UNGUARDED_AVAILABILITY = YES_AGGRESSIVE;
				CLANG_WARN_UNREACHABLE_CODE = YES;
				CLANG_WARN__DUPLICATE_METHOD_MATCH = YES;
				CODE_SIGN_IDENTITY = "iPhone Developer";
				COPY_PHASE_STRIP = NO;
				DEBUG_INFORMATION_FORMAT = dwarf;
				ENABLE_STRICT_OBJC_MSGSEND = YES;
				ENABLE_TESTABILITY = YES;
				GCC_C_LANGUAGE_STANDARD = gnu11;
				GCC_DYNAMIC_NO_PIC = NO;
				GCC_NO_COMMON_BLOCKS = YES;
				GCC_OPTIMIZATION_LEVEL = 0;
				GCC_PREPROCESSOR_DEFINITIONS = (
					"DEBUG=1",
					"$(inherited)",
				);
				GCC_WARN_64_TO_32_BIT_CONVERSION = YES;
				GCC_WARN_ABOUT_RETURN_TYPE = YES_ERROR;
				GCC_WARN_UNDECLARED_SELECTOR = YES;
				GCC_WARN_UNINITIALIZED_AUTOS = YES_AGGRESSIVE;
				GCC_WARN_UNUSED_FUNCTION = YES;
				GCC_WARN_UNUSED_VARIABLE = YES;
				IPHONEOS_DEPLOYMENT_TARGET = 12.2;
				MTL_ENABLE_DEBUG_INFO = INCLUDE_SOURCE;
				MTL_FAST_MATH = YES;
				ONLY_ACTIVE_ARCH = YES;
				SDKROOT = iphoneos;
				SWIFT_ACTIVE_COMPILATION_CONDITIONS = DEBUG;
				SWIFT_OPTIMIZATION_LEVEL = "-Onone";
			};
			name = Debug;
		};
		CAC9069022D0F70F0075B033 /* Release */ = {
			isa = XCBuildConfiguration;
			buildSettings = {
				ALWAYS_SEARCH_USER_PATHS = NO;
				CLANG_ANALYZER_NONNULL = YES;
				CLANG_ANALYZER_NUMBER_OBJECT_CONVERSION = YES_AGGRESSIVE;
				CLANG_CXX_LANGUAGE_STANDARD = "gnu++14";
				CLANG_CXX_LIBRARY = "libc++";
				CLANG_ENABLE_MODULES = YES;
				CLANG_ENABLE_OBJC_ARC = YES;
				CLANG_ENABLE_OBJC_WEAK = YES;
				CLANG_WARN_BLOCK_CAPTURE_AUTORELEASING = YES;
				CLANG_WARN_BOOL_CONVERSION = YES;
				CLANG_WARN_COMMA = YES;
				CLANG_WARN_CONSTANT_CONVERSION = YES;
				CLANG_WARN_DEPRECATED_OBJC_IMPLEMENTATIONS = YES;
				CLANG_WARN_DIRECT_OBJC_ISA_USAGE = YES_ERROR;
				CLANG_WARN_DOCUMENTATION_COMMENTS = YES;
				CLANG_WARN_EMPTY_BODY = YES;
				CLANG_WARN_ENUM_CONVERSION = YES;
				CLANG_WARN_INFINITE_RECURSION = YES;
				CLANG_WARN_INT_CONVERSION = YES;
				CLANG_WARN_NON_LITERAL_NULL_CONVERSION = YES;
				CLANG_WARN_OBJC_IMPLICIT_RETAIN_SELF = YES;
				CLANG_WARN_OBJC_LITERAL_CONVERSION = YES;
				CLANG_WARN_OBJC_ROOT_CLASS = YES_ERROR;
				CLANG_WARN_RANGE_LOOP_ANALYSIS = YES;
				CLANG_WARN_STRICT_PROTOTYPES = YES;
				CLANG_WARN_SUSPICIOUS_MOVE = YES;
				CLANG_WARN_UNGUARDED_AVAILABILITY = YES_AGGRESSIVE;
				CLANG_WARN_UNREACHABLE_CODE = YES;
				CLANG_WARN__DUPLICATE_METHOD_MATCH = YES;
				CODE_SIGN_IDENTITY = "iPhone Developer";
				COPY_PHASE_STRIP = NO;
				DEBUG_INFORMATION_FORMAT = "dwarf-with-dsym";
				ENABLE_NS_ASSERTIONS = NO;
				ENABLE_STRICT_OBJC_MSGSEND = YES;
				GCC_C_LANGUAGE_STANDARD = gnu11;
				GCC_NO_COMMON_BLOCKS = YES;
				GCC_WARN_64_TO_32_BIT_CONVERSION = YES;
				GCC_WARN_ABOUT_RETURN_TYPE = YES_ERROR;
				GCC_WARN_UNDECLARED_SELECTOR = YES;
				GCC_WARN_UNINITIALIZED_AUTOS = YES_AGGRESSIVE;
				GCC_WARN_UNUSED_FUNCTION = YES;
				GCC_WARN_UNUSED_VARIABLE = YES;
				IPHONEOS_DEPLOYMENT_TARGET = 12.2;
				MTL_ENABLE_DEBUG_INFO = NO;
				MTL_FAST_MATH = YES;
				SDKROOT = iphoneos;
				SWIFT_COMPILATION_MODE = wholemodule;
				SWIFT_OPTIMIZATION_LEVEL = "-O";
				VALIDATE_PRODUCT = YES;
			};
			name = Release;
		};
		CAC9069222D0F70F0075B033 /* Debug */ = {
			isa = XCBuildConfiguration;
			buildSettings = {
				ASSETCATALOG_COMPILER_APPICON_NAME = AppIcon;
				CODE_SIGN_STYLE = Automatic;
				DEVELOPMENT_TEAM = 3UBRXR267C;
				INFOPLIST_FILE = MyLeaderboard/Info.plist;
				LD_RUNPATH_SEARCH_PATHS = (
					"$(inherited)",
					"@executable_path/Frameworks",
				);
				PRODUCT_BUNDLE_IDENTIFIER = ca.josephroque.MyLeaderboard;
				PRODUCT_NAME = "$(TARGET_NAME)";
				SWIFT_VERSION = 5.0;
				TARGETED_DEVICE_FAMILY = "1,2";
			};
			name = Debug;
		};
		CAC9069322D0F70F0075B033 /* Release */ = {
			isa = XCBuildConfiguration;
			buildSettings = {
				ASSETCATALOG_COMPILER_APPICON_NAME = AppIcon;
				CODE_SIGN_STYLE = Automatic;
				DEVELOPMENT_TEAM = 3UBRXR267C;
				INFOPLIST_FILE = MyLeaderboard/Info.plist;
				LD_RUNPATH_SEARCH_PATHS = (
					"$(inherited)",
					"@executable_path/Frameworks",
				);
				PRODUCT_BUNDLE_IDENTIFIER = ca.josephroque.MyLeaderboard;
				PRODUCT_NAME = "$(TARGET_NAME)";
				SWIFT_VERSION = 5.0;
				TARGETED_DEVICE_FAMILY = "1,2";
			};
			name = Release;
		};
		CAC9069522D0F70F0075B033 /* Debug */ = {
			isa = XCBuildConfiguration;
			buildSettings = {
				ALWAYS_EMBED_SWIFT_STANDARD_LIBRARIES = YES;
				BUNDLE_LOADER = "$(TEST_HOST)";
				CODE_SIGN_STYLE = Automatic;
				DEVELOPMENT_TEAM = 3UBRXR267C;
				INFOPLIST_FILE = MyLeaderboardTests/Info.plist;
				LD_RUNPATH_SEARCH_PATHS = (
					"$(inherited)",
					"@executable_path/Frameworks",
					"@loader_path/Frameworks",
				);
				PRODUCT_BUNDLE_IDENTIFIER = ca.josephroque.MyLeaderboardTests;
				PRODUCT_NAME = "$(TARGET_NAME)";
				SWIFT_VERSION = 5.0;
				TARGETED_DEVICE_FAMILY = "1,2";
				TEST_HOST = "$(BUILT_PRODUCTS_DIR)/MyLeaderboard.app/MyLeaderboard";
			};
			name = Debug;
		};
		CAC9069622D0F70F0075B033 /* Release */ = {
			isa = XCBuildConfiguration;
			buildSettings = {
				ALWAYS_EMBED_SWIFT_STANDARD_LIBRARIES = YES;
				BUNDLE_LOADER = "$(TEST_HOST)";
				CODE_SIGN_STYLE = Automatic;
				DEVELOPMENT_TEAM = 3UBRXR267C;
				INFOPLIST_FILE = MyLeaderboardTests/Info.plist;
				LD_RUNPATH_SEARCH_PATHS = (
					"$(inherited)",
					"@executable_path/Frameworks",
					"@loader_path/Frameworks",
				);
				PRODUCT_BUNDLE_IDENTIFIER = ca.josephroque.MyLeaderboardTests;
				PRODUCT_NAME = "$(TARGET_NAME)";
				SWIFT_VERSION = 5.0;
				TARGETED_DEVICE_FAMILY = "1,2";
				TEST_HOST = "$(BUILT_PRODUCTS_DIR)/MyLeaderboard.app/MyLeaderboard";
			};
			name = Release;
		};
		CAC9069822D0F70F0075B033 /* Debug */ = {
			isa = XCBuildConfiguration;
			buildSettings = {
				ALWAYS_EMBED_SWIFT_STANDARD_LIBRARIES = YES;
				CODE_SIGN_STYLE = Automatic;
				DEVELOPMENT_TEAM = 3UBRXR267C;
				INFOPLIST_FILE = MyLeaderboardUITests/Info.plist;
				LD_RUNPATH_SEARCH_PATHS = (
					"$(inherited)",
					"@executable_path/Frameworks",
					"@loader_path/Frameworks",
				);
				PRODUCT_BUNDLE_IDENTIFIER = ca.josephroque.MyLeaderboardUITests;
				PRODUCT_NAME = "$(TARGET_NAME)";
				SWIFT_VERSION = 5.0;
				TARGETED_DEVICE_FAMILY = "1,2";
				TEST_TARGET_NAME = MyLeaderboard;
			};
			name = Debug;
		};
		CAC9069922D0F70F0075B033 /* Release */ = {
			isa = XCBuildConfiguration;
			buildSettings = {
				ALWAYS_EMBED_SWIFT_STANDARD_LIBRARIES = YES;
				CODE_SIGN_STYLE = Automatic;
				DEVELOPMENT_TEAM = 3UBRXR267C;
				INFOPLIST_FILE = MyLeaderboardUITests/Info.plist;
				LD_RUNPATH_SEARCH_PATHS = (
					"$(inherited)",
					"@executable_path/Frameworks",
					"@loader_path/Frameworks",
				);
				PRODUCT_BUNDLE_IDENTIFIER = ca.josephroque.MyLeaderboardUITests;
				PRODUCT_NAME = "$(TARGET_NAME)";
				SWIFT_VERSION = 5.0;
				TARGETED_DEVICE_FAMILY = "1,2";
				TEST_TARGET_NAME = MyLeaderboard;
			};
			name = Release;
		};
/* End XCBuildConfiguration section */

/* Begin XCConfigurationList section */
		CAC9066422D0F70B0075B033 /* Build configuration list for PBXProject "MyLeaderboard" */ = {
			isa = XCConfigurationList;
			buildConfigurations = (
				CAC9068F22D0F70F0075B033 /* Debug */,
				CAC9069022D0F70F0075B033 /* Release */,
			);
			defaultConfigurationIsVisible = 0;
			defaultConfigurationName = Release;
		};
		CAC9069122D0F70F0075B033 /* Build configuration list for PBXNativeTarget "MyLeaderboard" */ = {
			isa = XCConfigurationList;
			buildConfigurations = (
				CAC9069222D0F70F0075B033 /* Debug */,
				CAC9069322D0F70F0075B033 /* Release */,
			);
			defaultConfigurationIsVisible = 0;
			defaultConfigurationName = Release;
		};
		CAC9069422D0F70F0075B033 /* Build configuration list for PBXNativeTarget "MyLeaderboardTests" */ = {
			isa = XCConfigurationList;
			buildConfigurations = (
				CAC9069522D0F70F0075B033 /* Debug */,
				CAC9069622D0F70F0075B033 /* Release */,
			);
			defaultConfigurationIsVisible = 0;
			defaultConfigurationName = Release;
		};
		CAC9069722D0F70F0075B033 /* Build configuration list for PBXNativeTarget "MyLeaderboardUITests" */ = {
			isa = XCConfigurationList;
			buildConfigurations = (
				CAC9069822D0F70F0075B033 /* Debug */,
				CAC9069922D0F70F0075B033 /* Release */,
			);
			defaultConfigurationIsVisible = 0;
			defaultConfigurationName = Release;
		};
/* End XCConfigurationList section */
	};
	rootObject = CAC9066122D0F70B0075B033 /* Project object */;
}
